# ÜRETİLEN — elle düzenleme. `dev eco sync` yazar.
# Beyan .ceran/ecosystem.yaml'da; bu dosya GERÇEKTE ne kurulu onu söyler.
generated: 2026-08-16T07:56:50Z
installed:
  ai-foundation: { mode: vendor, version: v1.1.3, source_sha: 4ddb373, digest: c216a66f10dccb57, files: 45 }
  wiki: { mode: link, path: /Users/ceran/Backup/GitHub/devkit-wiki, sha: 5c5ae6c }
